
Microsoft Visual Studio Solution File, Format Version 12.00
Project("{FAE04EC0-301F-11D3-BF4B-00C04F79EFBC}") = "OpenATV3", "OpenATV3\OpenATV3.csproj", "{A2C3F99A-0184-4F47-8D09-972DC286222B}"
EndProject
Project("{FAE04EC0-301F-11D3-BF4B-00C04F79EFBC}") = "testApp", "testApp\testApp.csproj", "{44A60478-F7E0-4D89-B207-4628C6CC27FE}"
EndProject
Global
	GlobalSection(SolutionConfigurationPlatforms) = preSolution
		Debug|Any CPU = Debug|Any CPU
		Release|Any CPU = Release|Any CPU
	EndGlobalSection
	GlobalSection(ProjectConfigurationPlatforms) = postSolution
		{A2C3F99A-0184-4F47-8D09-972DC286222B}.Debug|Any CPU.ActiveCfg = Debug|Any CPU
		{A2C3F99A-0184-4F47-8D09-972DC286222B}.Debug|Any CPU.Build.0 = Debug|Any CPU
		{A2C3F99A-0184-4F47-8D09-972DC286222B}.Release|Any CPU.ActiveCfg = Release|Any CPU
		{A2C3F99A-0184-4F47-8D09-972DC286222B}.Release|Any CPU.Build.0 = Release|Any CPU
		{44A60478-F7E0-4D89-B207-4628C6CC27FE}.Debug|Any CPU.ActiveCfg = Debug|Any CPU
		{44A60478-F7E0-4D89-B207-4628C6CC27FE}.Debug|Any CPU.Build.0 = Debug|Any CPU
		{44A60478-F7E0-4D89-B207-4628C6CC27FE}.Release|Any CPU.ActiveCfg = Release|Any CPU
		{44A60478-F7E0-4D89-B207-4628C6CC27FE}.Release|Any CPU.Build.0 = Release|Any CPU
	EndGlobalSection
EndGlobal
